
Microsoft Visual Studio Solution File, Format Version 12.00
# Visual Studio Version 16
VisualStudioVersion = 16.0.30907.101
MinimumVisualStudioVersion = 10.0.40219.1
Project("{9A19103F-16F7-4668-BE54-9A1E7A4F7556}") = "GrpcServer", "GrpcServer\GrpcServer.csproj", "{BC725E03-309D-4006-B28D-B1B0922199EB}"
EndProject
Project("{9A19103F-16F7-4668-BE54-9A1E7A4F7556}") = "GrpcClient", "GrpcClient\GrpcClient.csproj", "{C515236A-130A-4151-AADE-83E00BBF8D5B}"
EndProject
Global
	GlobalSection(SolutionConfigurationPlatforms) = preSolution
		Debug|Any CPU = Debug|Any CPU
		Release|Any CPU = Release|Any CPU
	EndGlobalSection
	GlobalSection(ProjectConfigurationPlatforms) = postSolution
		{BC725E03-309D-4006-B28D-B1B0922199EB}.Debug|Any CPU.ActiveCfg = Debug|Any CPU
		{BC725E03-309D-4006-B28D-B1B0922199EB}.Debug|Any CPU.Build.0 = Debug|Any CPU
		{BC725E03-309D-4006-B28D-B1B0922199EB}.Release|Any CPU.ActiveCfg = Release|Any CPU
		{BC725E03-309D-4006-B28D-B1B0922199EB}.Release|Any CPU.Build.0 = Release|Any CPU
		{C515236A-130A-4151-AADE-83E00BBF8D5B}.Debug|Any CPU.ActiveCfg = Debug|Any CPU
		{C515236A-130A-4151-AADE-83E00BBF8D5B}.Debug|Any CPU.Build.0 = Debug|Any CPU
		{C515236A-130A-4151-AADE-83E00BBF8D5B}.Release|Any CPU.ActiveCfg = Release|Any CPU
		{C515236A-130A-4151-AADE-83E00BBF8D5B}.Release|Any CPU.Build.0 = Release|Any CPU
	EndGlobalSection
	GlobalSection(SolutionProperties) = preSolution
		HideSolutionNode = FALSE
	EndGlobalSection
	GlobalSection(ExtensibilityGlobals) = postSolution
		SolutionGuid = {6E17B745-3B13-4743-B8B6-F096C25A5493}
	EndGlobalSection
EndGlobal
